
Microsoft Visual Studio Solution File, Format Version 12.00
# Visual Studio Version 17
VisualStudioVersion = 17.0.32014.148
MinimumVisualStudioVersion = 10.0.40219.1
Project("{FAE04EC0-301F-11D3-BF4B-00C04F79EFBC}") = "Core5Practise", "Core5Practise\Core5Practise.csproj", "{41230CE0-92A8-418A-B6EE-D2CA7F869963}"
EndProject
Global
	GlobalSection(SolutionConfigurationPlatforms) = preSolution
		Debug|Any CPU = Debug|Any CPU
		Release|Any CPU = Release|Any CPU
	EndGlobalSection
	GlobalSection(ProjectConfigurationPlatforms) = postSolution
		{41230CE0-92A8-418A-B6EE-D2CA7F869963}.Debug|Any CPU.ActiveCfg = Debug|Any CPU
		{41230CE0-92A8-418A-B6EE-D2CA7F869963}.Debug|Any CPU.Build.0 = Debug|Any CPU
		{41230CE0-92A8-418A-B6EE-D2CA7F869963}.Release|Any CPU.ActiveCfg = Release|Any CPU
		{41230CE0-92A8-418A-B6EE-D2CA7F869963}.Release|Any CPU.Build.0 = Release|Any CPU
	EndGlobalSection
	GlobalSection(SolutionProperties) = preSolution
		HideSolutionNode = FALSE
	EndGlobalSection
	GlobalSection(ExtensibilityGlobals) = postSolution
		SolutionGuid = {638B13F2-2639-48B4-BC2A-2F3E1B1340B0}
	EndGlobalSection
EndGlobal
